// !$*UTF8*$!
{
	archiveVersion = 1;
	classes = {
	};
	objectVersion = 46;
	objects = {

/* Begin PBXBuildFile section */
		FFA166FA1956658900A2DA05 /* Foundation.framework in Frameworks */ = {isa = PBXBuildFile; fileRef = FFA166F91956658900A2DA05 /* Foundation.framework */; };
		FFA166FC1956658900A2DA05 /* CoreGraphics.framework in Frameworks */ = {isa = PBXBuildFile; fileRef = FFA166FB1956658900A2DA05 /* CoreGraphics.framework */; };
		FFA166FE1956658900A2DA05 /* UIKit.framework in Frameworks */ = {isa = PBXBuildFile; fileRef = FFA166FD1956658900A2DA05 /* UIKit.framework */; };
		FFA167041956658900A2DA05 /* InfoPlist.strings in Resources */ = {isa = PBXBuildFile; fileRef = FFA167021956658900A2DA05 /* InfoPlist.strings */; };
		FFA167061956658900A2DA05 /* main.m in Sources */ = {isa = PBXBuildFile; fileRef = FFA167051956658900A2DA05 /* main.m */; };
		FFA1670A1956658900A2DA05 /* JMMAppDelegate.m in Sources */ = {isa = PBXBuildFile; fileRef = FFA167091956658900A2DA05 /* JMMAppDelegate.m */; };
		FFA1670D1956658900A2DA05 /* Main.storyboard in Resources */ = {isa = PBXBuildFile; fileRef = FFA1670B1956658900A2DA05 /* Main.storyboard */; };
		FFA167101956658900A2DA05 /* JMMViewController.m in Sources */ = {isa = PBXBuildFile; fileRef = FFA1670F1956658900A2DA05 /* JMMViewController.m */; };
		FFA167121956658900A2DA05 /* Images.xcassets in Resources */ = {isa = PBXBuildFile; fileRef = FFA167111956658900A2DA05 /* Images.xcassets */; };
		FFA167191956658900A2DA05 /* XCTest.framework in Frameworks */ = {isa = PBXBuildFile; fileRef = FFA167181956658900A2DA05 /* XCTest.framework */; };
		FFA1671A1956658900A2DA05 /* Foundation.framework in Frameworks */ = {isa = PBXBuildFile; fileRef = FFA166F91956658900A2DA05 /* Foundation.framework */; };
		FFA1671B1956658900A2DA05 /* UIKit.framework in Frameworks */ = {isa = PBXBuildFile; fileRef = FFA166FD1956658900A2DA05 /* UIKit.framework */; };
		FFA167231956658900A2DA05 /* InfoPlist.strings in Resources */ = {isa = PBXBuildFile; fileRef = FFA167211956658900A2DA05 /* InfoPlist.strings */; };
		FFA167251956658900A2DA05 /* Git_TestTests.m in Sources */ = {isa = PBXBuildFile; fileRef = FFA167241956658900A2DA05 /* Git_TestTests.m */; };
		FFA16730195669EE00A2DA05 /* JMMTest.m in Sources */ = {isa = PBXBuildFile; fileRef = FFA1672F195669EE00A2DA05 /* JMMTest.m */; };
/* End PBXBuildFile section */

/* Begin PBXContainerItemProxy section */
		FFA1671C1956658900A2DA05 /* PBXContainerItemProxy */ = {
			isa = PBXContainerItemProxy;
			containerPortal = FFA166EE1956658900A2DA05 /* Project object */;
			proxyType = 1;
			remoteGlobalIDString = FFA166F51956658900A2DA05;
			remoteInfo = "Git Test";
		};
/* End PBXContainerItemProxy section */

/* Begin PBXFileReference section */
		FFA166F61956658900A2DA05 /* Git Test.app */ = {isa = PBXFileReference; explicitFileType = wrapper.application; includeInIndex = 0; path = "Git Test.app"; sourceTree = BUILT_PRODUCTS_DIR; };
		FFA166F91956658900A2DA05 /* Foundation.framework */ = {isa = PBXFileReference; lastKnownFileType = wrapper.framework; name = Foundation.framework; path = System/Library/Frameworks/Foundation.framework; sourceTree = SDKROOT; };
		FFA166FB1956658900A2DA05 /* CoreGraphics.framework */ = {isa = PBXFileReference; lastKnownFileType = wrapper.framework; name = CoreGraphics.framework; path = System/Library/Frameworks/CoreGraphics.framework; sourceTree = SDKROOT; };
		FFA166FD1956658900A2DA05 /* UIKit.framework */ = {isa = PBXFileReference; lastKnownFileType = wrapper.framework; name = UIKit.framework; path = System/Library/Frameworks/UIKit.framework; sourceTree = SDKROOT; };
		FFA167011956658900A2DA05 /* Git Test-Info.plist */ = {isa = PBXFileReference; lastKnownFileType = text.plist.xml; path = "Git Test-Info.plist"; sourceTree = "<group>"; };
		FFA167031956658900A2DA05 /* en */ = {isa = PBXFileReference; lastKnownFileType = text.plist.strings; name = en; path = en.lproj/InfoPlist.strings; sourceTree = "<group>"; };
		FFA167051956658900A2DA05 /* main.m */ = {isa = PBXFileReference; lastKnownFileType = sourcecode.c.objc; path = main.m; sourceTree = "<group>"; };
		FFA167071956658900A2DA05 /* Git Test-Prefix.pch */ = {isa = PBXFileReference; lastKnownFileType = sourcecode.c.h; path = "Git Test-Prefix.pch"; sourceTree = "<group>"; };
		FFA167081956658900A2DA05 /* JMMAppDelegate.h */ = {isa = PBXFileReference; lastKnownFileType = sourcecode.c.h; path = JMMAppDelegate.h; sourceTree = "<group>"; };
		FFA167091956658900A2DA05 /* JMMAppDelegate.m */ = {isa = PBXFileReference; lastKnownFileType = sourcecode.c.objc; path = JMMAppDelegate.m; sourceTree = "<group>"; };
		FFA1670C1956658900A2DA05 /* Base */ = {isa = PBXFileReference; lastKnownFileType = file.storyboard; name = Base; path = Base.lproj/Main.storyboard; sourceTree = "<group>"; };
		FFA1670E1956658900A2DA05 /* JMMViewController.h */ = {isa = PBXFileReference; lastKnownFileType = sourcecode.c.h; path = JMMViewController.h; sourceTree = "<group>"; };
		FFA1670F1956658900A2DA05 /* JMMViewController.m */ = {isa = PBXFileReference; lastKnownFileType = sourcecode.c.objc; path = JMMViewController.m; sourceTree = "<group>"; };
		FFA167111956658900A2DA05 /* Images.xcassets */ = {isa = PBXFileReference; lastKnownFileType = folder.assetcatalog; path = Images.xcassets; sourceTree = "<group>"; };
		FFA167171956658900A2DA05 /* Git TestTests.xctest */ = {isa = PBXFileReference; explicitFileType = wrapper.cfbundle; includeInIndex = 0; path = "Git TestTests.xctest"; sourceTree = BUILT_PRODUCTS_DIR; };
		FFA167181956658900A2DA05 /* XCTest.framework */ = {isa = PBXFileReference; lastKnownFileType = wrapper.framework; name = XCTest.framework; path = Library/Frameworks/XCTest.framework; sourceTree = DEVELOPER_DIR; };
		FFA167201956658900A2DA05 /* Git TestTests-Info.plist */ = {isa = PBXFileReference; lastKnownFileType = text.plist.xml; path = "Git TestTests-Info.plist"; sourceTree = "<group>"; };
		FFA167221956658900A2DA05 /* en */ = {isa = PBXFileReference; lastKnownFileType = text.plist.strings; name = en; path = en.lproj/InfoPlist.strings; sourceTree = "<group>"; };
		FFA167241956658900A2DA05 /* Git_TestTests.m */ = {isa = PBXFileReference; lastKnownFileType = sourcecode.c.objc; path = Git_TestTests.m; sourceTree = "<group>"; };
		FFA1672E195669EE00A2DA05 /* JMMTest.h */ = {isa = PBXFileReference; fileEncoding = 4; lastKnownFileType = sourcecode.c.h; path = JMMTest.h; sourceTree = "<group>"; };
		FFA1672F195669EE00A2DA05 /* JMMTest.m */ = {isa = PBXFileReference; fileEncoding = 4; lastKnownFileType = sourcecode.c.objc; path = JMMTest.m; sourceTree = "<group>"; };
/* End PBXFileReference section */

/* Begin PBXFrameworksBuildPhase section */
		FFA166F31956658900A2DA05 /* Frameworks */ = {
			isa = PBXFrameworksBuildPhase;
			buildActionMask = 2147483647;
			files = (
				FFA166FC1956658900A2DA05 /* CoreGraphics.framework in Frameworks */,
				FFA166FE1956658900A2DA05 /* UIKit.framework in Frameworks */,
				FFA166FA1956658900A2DA05 /* Foundation.framework in Frameworks */,
			);
			runOnlyForDeploymentPostprocessing = 0;
		};
		FFA167141956658900A2DA05 /* Frameworks */ = {
			isa = PBXFrameworksBuildPhase;
			buildActionMask = 2147483647;
			files = (
				FFA167191956658900A2DA05 /* XCTest.framework in Frameworks */,
				FFA1671B1956658900A2DA05 /* UIKit.framework in Frameworks */,
				FFA1671A1956658900A2DA05 /* Foundation.framework in Frameworks */,
			);
			runOnlyForDeploymentPostprocessing = 0;
		};
/* End PBXFrameworksBuildPhase section */

/* Begin PBXGroup section */
		FFA166ED1956658900A2DA05 = {
			isa = PBXGroup;
			children = (
				FFA1672E195669EE00A2DA05 /* JMMTest.h */,
				FFA1672F195669EE00A2DA05 /* JMMTest.m */,
				FFA166FF1956658900A2DA05 /* Git Test */,
				FFA1671E1956658900A2DA05 /* Git TestTests */,
				FFA166F81956658900A2DA05 /* Frameworks */,
				FFA166F71956658900A2DA05 /* Products */,
			);
			sourceTree = "<group>";
		};
		FFA166F71956658900A2DA05 /* Products */ = {
			isa = PBXGroup;
			children = (
				FFA166F61956658900A2DA05 /* Git Test.app */,
				FFA167171956658900A2DA05 /* Git TestTests.xctest */,
			);
			name = Products;
			sourceTree = "<group>";
		};
		FFA166F81956658900A2DA05 /* Frameworks */ = {
			isa = PBXGroup;
			children = (
				FFA166F91956658900A2DA05 /* Foundation.framework */,
				FFA166FB1956658900A2DA05 /* CoreGraphics.framework */,
				FFA166FD1956658900A2DA05 /* UIKit.framework */,
				FFA167181956658900A2DA05 /* XCTest.framework */,
			);
			name = Frameworks;
			sourceTree = "<group>";
		};
		FFA166FF1956658900A2DA05 /* Git Test */ = {
			isa = PBXGroup;
			children = (
				FFA167081956658900A2DA05 /* JMMAppDelegate.h */,
				FFA167091956658900A2DA05 /* JMMAppDelegate.m */,
				FFA1670B1956658900A2DA05 /* Main.storyboard */,
				FFA1670E1956658900A2DA05 /* JMMViewController.h */,
				FFA1670F1956658900A2DA05 /* JMMViewController.m */,
				FFA167111956658900A2DA05 /* Images.xcassets */,
				FFA167001956658900A2DA05 /* Supporting Files */,
			);
			path = "Git Test";
			sourceTree = "<group>";
		};
		FFA167001956658900A2DA05 /* Supporting Files */ = {
			isa = PBXGroup;
			children = (
				FFA167011956658900A2DA05 /* Git Test-Info.plist */,
				FFA167021956658900A2DA05 /* InfoPlist.strings */,
				FFA167051956658900A2DA05 /* main.m */,
				FFA167071956658900A2DA05 /* Git Test-Prefix.pch */,
			);
			name = "Supporting Files";
			sourceTree = "<group>";
		};
		FFA1671E1956658900A2DA05 /* Git TestTests */ = {
			isa = PBXGroup;
			children = (
				FFA167241956658900A2DA05 /* Git_TestTests.m */,
				FFA1671F1956658900A2DA05 /* Supporting Files */,
			);
			path = "Git TestTests";
			sourceTree = "<group>";
		};
		FFA1671F1956658900A2DA05 /* Supporting Files */ = {
			isa = PBXGroup;
			children = (
				FFA167201956658900A2DA05 /* Git TestTests-Info.plist */,
				FFA167211956658900A2DA05 /* InfoPlist.strings */,
			);
			name = "Supporting Files";
			sourceTree = "<group>";
		};
/* End PBXGroup section */

/* Begin PBXNativeTarget section */
		FFA166F51956658900A2DA05 /* Git Test */ = {
			isa = PBXNativeTarget;
			buildConfigurationList = FFA167281956658900A2DA05 /* Build configuration list for PBXNativeTarget "Git Test" */;
			buildPhases = (
				FFA166F21956658900A2DA05 /* Sources */,
				FFA166F31956658900A2DA05 /* Frameworks */,
				FFA166F41956658900A2DA05 /* Resources */,
			);
			buildRules = (
			);
			dependencies = (
			);
			name = "Git Test";
			productName = "Git Test";
			productReference = FFA166F61956658900A2DA05 /* Git Test.app */;
			productType = "com.apple.product-type.application";
		};
		FFA167161956658900A2DA05 /* Git TestTests */ = {
			isa = PBXNativeTarget;
			buildConfigurationList = FFA1672B1956658900A2DA05 /* Build configuration list for PBXNativeTarget "Git TestTests" */;
			buildPhases = (
				FFA167131956658900A2DA05 /* Sources */,
				FFA167141956658900A2DA05 /* Frameworks */,
				FFA167151956658900A2DA05 /* Resources */,
			);
			buildRules = (
			);
			dependencies = (
				FFA1671D1956658900A2DA05 /* PBXTargetDependency */,
			);
			name = "Git TestTests";
			productName = "Git TestTests";
			productReference = FFA167171956658900A2DA05 /* Git TestTests.xctest */;
			productType = "com.apple.product-type.bundle.unit-test";
		};
/* End PBXNativeTarget section */

/* Begin PBXProject section */
		FFA166EE1956658900A2DA05 /* Project object */ = {
			isa = PBXProject;
			attributes = {
				CLASSPREFIX = JMM;
				LastUpgradeCheck = 0510;
				ORGANIZATIONNAME = Josher;
				TargetAttributes = {
					FFA167161956658900A2DA05 = {
						TestTargetID = FFA166F51956658900A2DA05;
					};
				};
			};
			buildConfigurationList = FFA166F11956658900A2DA05 /* Build configuration list for PBXProject "Git Test" */;
			compatibilityVersion = "Xcode 3.2";
			developmentRegion = English;
			hasScannedForEncodings = 0;
			knownRegions = (
				en,
				Base,
			);
			mainGroup = FFA166ED1956658900A2DA05;
			productRefGroup = FFA166F71956658900A2DA05 /* Products */;
			projectDirPath = "";
			projectRoot = "";
			targets = (
				FFA166F51956658900A2DA05 /* Git Test */,
				FFA167161956658900A2DA05 /* Git TestTests */,
			);
		};
/* End PBXProject section */

/* Begin PBXResourcesBuildPhase section */
		FFA166F41956658900A2DA05 /* Resources */ = {
			isa = PBXResourcesBuildPhase;
			buildActionMask = 2147483647;
			files = (
				FFA167121956658900A2DA05 /* Images.xcassets in Resources */,
				FFA167041956658900A2DA05 /* InfoPlist.strings in Resources */,
				FFA1670D1956658900A2DA05 /* Main.storyboard in Resources */,
			);
			runOnlyForDeploymentPostprocessing = 0;
		};
		FFA167151956658900A2DA05 /* Resources */ = {
			isa = PBXResourcesBuildPhase;
			buildActionMask = 2147483647;
			files = (
				FFA167231956658900A2DA05 /* InfoPlist.strings in Resources */,
			);
			runOnlyForDeploymentPostprocessing = 0;
		};
/* End PBXResourcesBuildPhase section */

/* Begin PBXSourcesBuildPhase section */
		FFA166F21956658900A2DA05 /* Sources */ = {
			isa = PBXSourcesBuildPhase;
			buildActionMask = 2147483647;
			files = (
				FFA16730195669EE00A2DA05 /* JMMTest.m in Sources */,
				FFA167061956658900A2DA05 /* main.m in Sources */,
				FFA1670A1956658900A2DA05 /* JMMAppDelegate.m in Sources */,
				FFA167101956658900A2DA05 /* JMMViewController.m in Sources */,
			);
			runOnlyForDeploymentPostprocessing = 0;
		};
		FFA167131956658900A2DA05 /* Sources */ = {
			isa = PBXSourcesBuildPhase;
			buildActionMask = 2147483647;
			files = (
				FFA167251956658900A2DA05 /* Git_TestTests.m in Sources */,
			);
			runOnlyForDeploymentPostprocessing = 0;
		};
/* End PBXSourcesBuildPhase section */

/* Begin PBXTargetDependency section */
		FFA1671D1956658900A2DA05 /* PBXTargetDependency */ = {
			isa = PBXTargetDependency;
			target = FFA166F51956658900A2DA05 /* Git Test */;
			targetProxy = FFA1671C1956658900A2DA05 /* PBXContainerItemProxy */;
		};
/* End PBXTargetDependency section */

/* Begin PBXVariantGroup section */
		FFA167021956658900A2DA05 /* InfoPlist.strings */ = {
			isa = PBXVariantGroup;
			children = (
				FFA167031956658900A2DA05 /* en */,
			);
			name = InfoPlist.strings;
			sourceTree = "<group>";
		};
		FFA1670B1956658900A2DA05 /* Main.storyboard */ = {
			isa = PBXVariantGroup;
			children = (
				FFA1670C1956658900A2DA05 /* Base */,
			);
			name = Main.storyboard;
			sourceTree = "<group>";
		};
		FFA167211956658900A2DA05 /* InfoPlist.strings */ = {
			isa = PBXVariantGroup;
			children = (
				FFA167221956658900A2DA05 /* en */,
			);
			name = InfoPlist.strings;
			sourceTree = "<group>";
		};
/* End PBXVariantGroup section */

/* Begin XCBuildConfiguration section */
		FFA167261956658900A2DA05 /* Debug */ = {
			isa = XCBuildConfiguration;
			buildSettings = {
				ALWAYS_SEARCH_USER_PATHS = NO;
				CLANG_CXX_LANGUAGE_STANDARD = "gnu++0x";
				CLANG_CXX_LIBRARY = "libc++";
				CLANG_ENABLE_MODULES = YES;
				CLANG_ENABLE_OBJC_ARC = YES;
				CLANG_WARN_BOOL_CONVERSION = YES;
				CLANG_WARN_CONSTANT_CONVERSION = YES;
				CLANG_WARN_DIRECT_OBJC_ISA_USAGE = YES_ERROR;
				CLANG_WARN_EMPTY_BODY = YES;
				CLANG_WARN_ENUM_CONVERSION = YES;
				CLANG_WARN_INT_CONVERSION = YES;
				CLANG_WARN_OBJC_ROOT_CLASS = YES_ERROR;
				CLANG_WARN__DUPLICATE_METHOD_MATCH = YES;
				"CODE_SIGN_IDENTITY[sdk=iphoneos*]" = "iPhone Developer";
				COPY_PHASE_STRIP = NO;
				GCC_C_LANGUAGE_STANDARD = gnu99;
				GCC_DYNAMIC_NO_PIC = NO;
				GCC_OPTIMIZATION_LEVEL = 0;
				GCC_PREPROCESSOR_DEFINITIONS = (
					"DEBUG=1",
					"$(inherited)",
				);
				GCC_SYMBOLS_PRIVATE_EXTERN = NO;
				GCC_WARN_64_TO_32_BIT_CONVERSION = YES;
				GCC_WARN_ABOUT_RETURN_TYPE = YES_ERROR;
				GCC_WARN_UNDECLARED_SELECTOR = YES;
				GCC_WARN_UNINITIALIZED_AUTOS = YES_AGGRESSIVE;
				GCC_WARN_UNUSED_FUNCTION = YES;
				GCC_WARN_UNUSED_VARIABLE = YES;
				IPHONEOS_DEPLOYMENT_TARGET = 7.1;
				ONLY_ACTIVE_ARCH = YES;
				SDKROOT = iphoneos;
			};
			name = Debug;
		};
		FFA167271956658900A2DA05 /* Release */ = {
			isa = XCBuildConfiguration;
			buildSettings = {
				ALWAYS_SEARCH_USER_PATHS = NO;
				CLANG_CXX_LANGUAGE_STANDARD = "gnu++0x";
				CLANG_CXX_LIBRARY = "libc++";
				CLANG_ENABLE_MODULES = YES;
				CLANG_ENABLE_OBJC_ARC = YES;
				CLANG_WARN_BOOL_CONVERSION = YES;
				CLANG_WARN_CONSTANT_CONVERSION = YES;
				CLANG_WARN_DIRECT_OBJC_ISA_USAGE = YES_ERROR;
				CLANG_WARN_EMPTY_BODY = YES;
				CLANG_WARN_ENUM_CONVERSION = YES;
				CLANG_WARN_INT_CONVERSION = YES;
				CLANG_WARN_OBJC_ROOT_CLASS = YES_ERROR;
				CLANG_WARN__DUPLICATE_METHOD_MATCH = YES;
				"CODE_SIGN_IDENTITY[sdk=iphoneos*]" = "iPhone Developer";
				COPY_PHASE_STRIP = YES;
				ENABLE_NS_ASSERTIONS = NO;
				GCC_C_LANGUAGE_STANDARD = gnu99;
				GCC_WARN_64_TO_32_BIT_CONVERSION = YES;
				GCC_WARN_ABOUT_RETURN_TYPE = YES_ERROR;
				GCC_WARN_UNDECLARED_SELECTOR = YES;
				GCC_WARN_UNINITIALIZED_AUTOS = YES_AGGRESSIVE;
				GCC_WARN_UNUSED_FUNCTION = YES;
				GCC_WARN_UNUSED_VARIABLE = YES;
				IPHONEOS_DEPLOYMENT_TARGET = 7.1;
				SDKROOT = iphoneos;
				VALIDATE_PRODUCT = YES;
			};
			name = Release;
		};
		FFA167291956658900A2DA05 /* Debug */ = {
			isa = XCBuildConfiguration;
			buildSettings = {
				ASSETCATALOG_COMPILER_APPICON_NAME = AppIcon;
				ASSETCATALOG_COMPILER_LAUNCHIMAGE_NAME = LaunchImage;
				GCC_PRECOMPILE_PREFIX_HEADER = YES;
				GCC_PREFIX_HEADER = "Git Test/Git Test-Prefix.pch";
				INFOPLIST_FILE = "Git Test/Git Test-Info.plist";
				PRODUCT_NAME = "$(TARGET_NAME)";
				WRAPPER_EXTENSION = app;
			};
			name = Debug;
		};
		FFA1672A1956658900A2DA05 /* Release */ = {
			isa = XCBuildConfiguration;
			buildSettings = {
				ASSETCATALOG_COMPILER_APPICON_NAME = AppIcon;
				ASSETCATALOG_COMPILER_LAUNCHIMAGE_NAME = LaunchImage;
				GCC_PRECOMPILE_PREFIX_HEADER = YES;
				GCC_PREFIX_HEADER = "Git Test/Git Test-Prefix.pch";
				INFOPLIST_FILE = "Git Test/Git Test-Info.plist";
				PRODUCT_NAME = "$(TARGET_NAME)";
				WRAPPER_EXTENSION = app;
			};
			name = Release;
		};
		FFA1672C1956658900A2DA05 /* Debug */ = {
			isa = XCBuildConfiguration;
			buildSettings = {
				BUNDLE_LOADER = "$(BUILT_PRODUCTS_DIR)/Git Test.app/Git Test";
				FRAMEWORK_SEARCH_PATHS = (
					"$(SDKROOT)/Developer/Library/Frameworks",
					"$(inherited)",
					"$(DEVELOPER_FRAMEWORKS_DIR)",
				);
				GCC_PRECOMPILE_PREFIX_HEADER = YES;
				GCC_PREFIX_HEADER = "Git Test/Git Test-Prefix.pch";
				GCC_PREPROCESSOR_DEFINITIONS = (
					"DEBUG=1",
					"$(inherited)",
				);
				INFOPLIST_FILE = "Git TestTests/Git TestTests-Info.plist";
				PRODUCT_NAME = "$(TARGET_NAME)";
				TEST_HOST = "$(BUNDLE_LOADER)";
				WRAPPER_EXTENSION = xctest;
			};
			name = Debug;
		};
		FFA1672D1956658900A2DA05 /* Release */ = {
			isa = XCBuildConfiguration;
			buildSettings = {
				BUNDLE_LOADER = "$(BUILT_PRODUCTS_DIR)/Git Test.app/Git Test";
				FRAMEWORK_SEARCH_PATHS = (
					"$(SDKROOT)/Developer/Library/Frameworks",
					"$(inherited)",
					"$(DEVELOPER_FRAMEWORKS_DIR)",
				);
				GCC_PRECOMPILE_PREFIX_HEADER = YES;
				GCC_PREFIX_HEADER = "Git Test/Git Test-Prefix.pch";
				INFOPLIST_FILE = "Git TestTests/Git TestTests-Info.plist";
				PRODUCT_NAME = "$(TARGET_NAME)";
				TEST_HOST = "$(BUNDLE_LOADER)";
				WRAPPER_EXTENSION = xctest;
			};
			name = Release;
		};
/* End XCBuildConfiguration section */

/* Begin XCConfigurationList section */
		FFA166F11956658900A2DA05 /* Build configuration list for PBXProject "Git Test" */ = {
			isa = XCConfigurationList;
			buildConfigurations = (
				FFA167261956658900A2DA05 /* Debug */,
				FFA167271956658900A2DA05 /* Release */,
			);
			defaultConfigurationIsVisible = 0;
			defaultConfigurationName = Release;
		};
		FFA167281956658900A2DA05 /* Build configuration list for PBXNativeTarget "Git Test" */ = {
			isa = XCConfigurationList;
			buildConfigurations = (
				FFA167291956658900A2DA05 /* Debug */,
				FFA1672A1956658900A2DA05 /* Release */,
			);
			defaultConfigurationIsVisible = 0;
		};
		FFA1672B1956658900A2DA05 /* Build configuration list for PBXNativeTarget "Git TestTests" */ = {
			isa = XCConfigurationList;
			buildConfigurations = (
				FFA1672C1956658900A2DA05 /* Debug */,
				FFA1672D1956658900A2DA05 /* Release */,
			);
			defaultConfigurationIsVisible = 0;
		};
/* End XCConfigurationList section */
	};
	rootObject = FFA166EE1956658900A2DA05 /* Project object */;
}
